// !$*UTF8*$!
{
	archiveVersion = 1;
	classes = {
	};
	objectVersion = 56;
	objects = {

/* Begin PBXBuildFile section */
		8091AF3D1FF932CF493F74A6 /* Pods_Rick_And_Morty.framework in Frameworks */ = {isa = PBXBuildFile; fileRef = 6B3009B88C782003AC3B9423 /* Pods_Rick_And_Morty.framework */; };
		9EBB080D4CAE57C99E50FEF6 /* Pods_Rick_And_MortyTests.framework in Frameworks */ = {isa = PBXBuildFile; fileRef = E620EA6810B1D759752471F2 /* Pods_Rick_And_MortyTests.framework */; };
		BA77579B025A67BA816D6C9C /* Pods_Rick_And_Morty_Rick_And_MortyUITests.framework in Frameworks */ = {isa = PBXBuildFile; fileRef = 4E45355160E06C6DA4F9C35D /* Pods_Rick_And_Morty_Rick_And_MortyUITests.framework */; };
		E51BC5C3290D149A0024B871 /* Extension.swift in Sources */ = {isa = PBXBuildFile; fileRef = E51BC5C2290D149A0024B871 /* Extension.swift */; };
		E562F5ED290BB01D0035D47F /* SecondScrnVC.swift in Sources */ = {isa = PBXBuildFile; fileRef = E562F5EC290BB01D0035D47F /* SecondScrnVC.swift */; };
		E5EF19A6290AF15700CBD3C7 /* AppDelegate.swift in Sources */ = {isa = PBXBuildFile; fileRef = E5EF19A5290AF15700CBD3C7 /* AppDelegate.swift */; };
		E5EF19A8290AF15700CBD3C7 /* SceneDelegate.swift in Sources */ = {isa = PBXBuildFile; fileRef = E5EF19A7290AF15700CBD3C7 /* SceneDelegate.swift */; };
		E5EF19AA290AF15700CBD3C7 /* FirstScrn.swift in Sources */ = {isa = PBXBuildFile; fileRef = E5EF19A9290AF15700CBD3C7 /* FirstScrn.swift */; };
		E5EF19AD290AF15700CBD3C7 /* Main.storyboard in Resources */ = {isa = PBXBuildFile; fileRef = E5EF19AB290AF15700CBD3C7 /* Main.storyboard */; };
		E5EF19AF290AF15800CBD3C7 /* Assets.xcassets in Resources */ = {isa = PBXBuildFile; fileRef = E5EF19AE290AF15800CBD3C7 /* Assets.xcassets */; };
		E5EF19B2290AF15800CBD3C7 /* LaunchScreen.storyboard in Resources */ = {isa = PBXBuildFile; fileRef = E5EF19B0290AF15800CBD3C7 /* LaunchScreen.storyboard */; };
		E5EF19BD290AF15800CBD3C7 /* Rick_And_MortyTests.swift in Sources */ = {isa = PBXBuildFile; fileRef = E5EF19BC290AF15800CBD3C7 /* Rick_And_MortyTests.swift */; };
		E5EF19C7290AF15800CBD3C7 /* Rick_And_MortyUITests.swift in Sources */ = {isa = PBXBuildFile; fileRef = E5EF19C6290AF15800CBD3C7 /* Rick_And_MortyUITests.swift */; };
		E5EF19C9290AF15800CBD3C7 /* Rick_And_MortyUITestsLaunchTests.swift in Sources */ = {isa = PBXBuildFile; fileRef = E5EF19C8290AF15800CBD3C7 /* Rick_And_MortyUITestsLaunchTests.swift */; };
		E5EF19D6290AFDDD00CBD3C7 /* CellOfFirstScrn.swift in Sources */ = {isa = PBXBuildFile; fileRef = E5EF19D5290AFDDD00CBD3C7 /* CellOfFirstScrn.swift */; };
		E5EF19D8290AFECA00CBD3C7 /* ViewModel.swift in Sources */ = {isa = PBXBuildFile; fileRef = E5EF19D7290AFECA00CBD3C7 /* ViewModel.swift */; };
		E5EF19DA290AFED900CBD3C7 /* Model.swift in Sources */ = {isa = PBXBuildFile; fileRef = E5EF19D9290AFED900CBD3C7 /* Model.swift */; };
/* End PBXBuildFile section */

/* Begin PBXContainerItemProxy section */
		E5EF19B9290AF15800CBD3C7 /* PBXContainerItemProxy */ = {
			isa = PBXContainerItemProxy;
			containerPortal = E5EF199A290AF15700CBD3C7 /* Project object */;
			proxyType = 1;
			remoteGlobalIDString = E5EF19A1290AF15700CBD3C7;
			remoteInfo = "Rick And Morty";
		};
		E5EF19C3290AF15800CBD3C7 /* PBXContainerItemProxy */ = {
			isa = PBXContainerItemProxy;
			containerPortal = E5EF199A290AF15700CBD3C7 /* Project object */;
			proxyType = 1;
			remoteGlobalIDString = E5EF19A1290AF15700CBD3C7;
			remoteInfo = "Rick And Morty";
		};
/* End PBXContainerItemProxy section */

/* Begin PBXFileReference section */
		051AC2E265845FE11588BCCE /* Pods-Rick And MortyTests.release.xcconfig */ = {isa = PBXFileReference; includeInIndex = 1; lastKnownFileType = text.xcconfig; name = "Pods-Rick And MortyTests.release.xcconfig"; path = "Target Support Files/Pods-Rick And MortyTests/Pods-Rick And MortyTests.release.xcconfig"; sourceTree = "<group>"; };
		3A7D443AC594AAE889BAD713 /* Pods-Rick And Morty.debug.xcconfig */ = {isa = PBXFileReference; includeInIndex = 1; lastKnownFileType = text.xcconfig; name = "Pods-Rick And Morty.debug.xcconfig"; path = "Target Support Files/Pods-Rick And Morty/Pods-Rick And Morty.debug.xcconfig"; sourceTree = "<group>"; };
		4E45355160E06C6DA4F9C35D /* Pods_Rick_And_Morty_Rick_And_MortyUITests.framework */ = {isa = PBXFileReference; explicitFileType = wrapper.framework; includeInIndex = 0; path = Pods_Rick_And_Morty_Rick_And_MortyUITests.framework; sourceTree = BUILT_PRODUCTS_DIR; };
		6B3009B88C782003AC3B9423 /* Pods_Rick_And_Morty.framework */ = {isa = PBXFileReference; explicitFileType = wrapper.framework; includeInIndex = 0; path = Pods_Rick_And_Morty.framework; sourceTree = BUILT_PRODUCTS_DIR; };
		9F84B14263C223A77CCD10A6 /* Pods-Rick And Morty-Rick And MortyUITests.debug.xcconfig */ = {isa = PBXFileReference; includeInIndex = 1; lastKnownFileType = text.xcconfig; name = "Pods-Rick And Morty-Rick And MortyUITests.debug.xcconfig"; path = "Target Support Files/Pods-Rick And Morty-Rick And MortyUITests/Pods-Rick And Morty-Rick And MortyUITests.debug.xcconfig"; sourceTree = "<group>"; };
		ABAD160EABE608CF43C581FC /* Pods-Rick And Morty-Rick And MortyUITests.release.xcconfig */ = {isa = PBXFileReference; includeInIndex = 1; lastKnownFileType = text.xcconfig; name = "Pods-Rick And Morty-Rick And MortyUITests.release.xcconfig"; path = "Target Support Files/Pods-Rick And Morty-Rick And MortyUITests/Pods-Rick And Morty-Rick And MortyUITests.release.xcconfig"; sourceTree = "<group>"; };
		D2F31D0346D74F9C282786E4 /* Pods-Rick And Morty.release.xcconfig */ = {isa = PBXFileReference; includeInIndex = 1; lastKnownFileType = text.xcconfig; name = "Pods-Rick And Morty.release.xcconfig"; path = "Target Support Files/Pods-Rick And Morty/Pods-Rick And Morty.release.xcconfig"; sourceTree = "<group>"; };
		D67BF0842E71EE441963C057 /* Pods-Rick And MortyTests.debug.xcconfig */ = {isa = PBXFileReference; includeInIndex = 1; lastKnownFileType = text.xcconfig; name = "Pods-Rick And MortyTests.debug.xcconfig"; path = "Target Support Files/Pods-Rick And MortyTests/Pods-Rick And MortyTests.debug.xcconfig"; sourceTree = "<group>"; };
		E51BC5C2290D149A0024B871 /* Extension.swift */ = {isa = PBXFileReference; lastKnownFileType = sourcecode.swift; path = Extension.swift; sourceTree = "<group>"; };
		E562F5EC290BB01D0035D47F /* SecondScrnVC.swift */ = {isa = PBXFileReference; lastKnownFileType = sourcecode.swift; path = SecondScrnVC.swift; sourceTree = "<group>"; };
		E5EF19A2290AF15700CBD3C7 /* Rick And Morty.app */ = {isa = PBXFileReference; explicitFileType = wrapper.application; includeInIndex = 0; path = "Rick And Morty.app"; sourceTree = BUILT_PRODUCTS_DIR; };
		E5EF19A5290AF15700CBD3C7 /* AppDelegate.swift */ = {isa = PBXFileReference; lastKnownFileType = sourcecode.swift; path = AppDelegate.swift; sourceTree = "<group>"; };
		E5EF19A7290AF15700CBD3C7 /* SceneDelegate.swift */ = {isa = PBXFileReference; lastKnownFileType = sourcecode.swift; path = SceneDelegate.swift; sourceTree = "<group>"; };
		E5EF19A9290AF15700CBD3C7 /* FirstScrn.swift */ = {isa = PBXFileReference; lastKnownFileType = sourcecode.swift; path = FirstScrn.swift; sourceTree = "<group>"; };
		E5EF19AC290AF15700CBD3C7 /* Base */ = {isa = PBXFileReference; lastKnownFileType = file.storyboard; name = Base; path = Base.lproj/Main.storyboard; sourceTree = "<group>"; };
		E5EF19AE290AF15800CBD3C7 /* Assets.xcassets */ = {isa = PBXFileReference; lastKnownFileType = folder.assetcatalog; path = Assets.xcassets; sourceTree = "<group>"; };
		E5EF19B1290AF15800CBD3C7 /* Base */ = {isa = PBXFileReference; lastKnownFileType = file.storyboard; name = Base; path = Base.lproj/LaunchScreen.storyboard; sourceTree = "<group>"; };
		E5EF19B3290AF15800CBD3C7 /* Info.plist */ = {isa = PBXFileReference; lastKnownFileType = text.plist.xml; path = Info.plist; sourceTree = "<group>"; };
		E5EF19B8290AF15800CBD3C7 /* Rick And MortyTests.xctest */ = {isa = PBXFileReference; explicitFileType = wrapper.cfbundle; includeInIndex = 0; path = "Rick And MortyTests.xctest"; sourceTree = BUILT_PRODUCTS_DIR; };
		E5EF19BC290AF15800CBD3C7 /* Rick_And_MortyTests.swift */ = {isa = PBXFileReference; lastKnownFileType = sourcecode.swift; path = Rick_And_MortyTests.swift; sourceTree = "<group>"; };
		E5EF19C2290AF15800CBD3C7 /* Rick And MortyUITests.xctest */ = {isa = PBXFileReference; explicitFileType = wrapper.cfbundle; includeInIndex = 0; path = "Rick And MortyUITests.xctest"; sourceTree = BUILT_PRODUCTS_DIR; };
		E5EF19C6290AF15800CBD3C7 /* Rick_And_MortyUITests.swift */ = {isa = PBXFileReference; lastKnownFileType = sourcecode.swift; path = Rick_And_MortyUITests.swift; sourceTree = "<group>"; };
		E5EF19C8290AF15800CBD3C7 /* Rick_And_MortyUITestsLaunchTests.swift */ = {isa = PBXFileReference; lastKnownFileType = sourcecode.swift; path = Rick_And_MortyUITestsLaunchTests.swift; sourceTree = "<group>"; };
		E5EF19D5290AFDDD00CBD3C7 /* CellOfFirstScrn.swift */ = {isa = PBXFileReference; lastKnownFileType = sourcecode.swift; path = CellOfFirstScrn.swift; sourceTree = "<group>"; };
		E5EF19D7290AFECA00CBD3C7 /* ViewModel.swift */ = {isa = PBXFileReference; lastKnownFileType = sourcecode.swift; path = ViewModel.swift; sourceTree = "<group>"; };
		E5EF19D9290AFED900CBD3C7 /* Model.swift */ = {isa = PBXFileReference; lastKnownFileType = sourcecode.swift; path = Model.swift; sourceTree = "<group>"; };
		E620EA6810B1D759752471F2 /* Pods_Rick_And_MortyTests.framework */ = {isa = PBXFileReference; explicitFileType = wrapper.framework; includeInIndex = 0; path = Pods_Rick_And_MortyTests.framework; sourceTree = BUILT_PRODUCTS_DIR; };
/* End PBXFileReference section */

/* Begin PBXFrameworksBuildPhase section */
		E5EF199F290AF15700CBD3C7 /* Frameworks */ = {
			isa = PBXFrameworksBuildPhase;
			buildActionMask = 2147483647;
			files = (
				8091AF3D1FF932CF493F74A6 /* Pods_Rick_And_Morty.framework in Frameworks */,
			);
			runOnlyForDeploymentPostprocessing = 0;
		};
		E5EF19B5290AF15800CBD3C7 /* Frameworks */ = {
			isa = PBXFrameworksBuildPhase;
			buildActionMask = 2147483647;
			files = (
				9EBB080D4CAE57C99E50FEF6 /* Pods_Rick_And_MortyTests.framework in Frameworks */,
			);
			runOnlyForDeploymentPostprocessing = 0;
		};
		E5EF19BF290AF15800CBD3C7 /* Frameworks */ = {
			isa = PBXFrameworksBuildPhase;
			buildActionMask = 2147483647;
			files = (
				BA77579B025A67BA816D6C9C /* Pods_Rick_And_Morty_Rick_And_MortyUITests.framework in Frameworks */,
			);
			runOnlyForDeploymentPostprocessing = 0;
		};
/* End PBXFrameworksBuildPhase section */

/* Begin PBXGroup section */
		13DFDD8B7A7457F3E37699C9 /* Pods */ = {
			isa = PBXGroup;
			children = (
				3A7D443AC594AAE889BAD713 /* Pods-Rick And Morty.debug.xcconfig */,
				D2F31D0346D74F9C282786E4 /* Pods-Rick And Morty.release.xcconfig */,
				9F84B14263C223A77CCD10A6 /* Pods-Rick And Morty-Rick And MortyUITests.debug.xcconfig */,
				ABAD160EABE608CF43C581FC /* Pods-Rick And Morty-Rick And MortyUITests.release.xcconfig */,
				D67BF0842E71EE441963C057 /* Pods-Rick And MortyTests.debug.xcconfig */,
				051AC2E265845FE11588BCCE /* Pods-Rick And MortyTests.release.xcconfig */,
			);
			path = Pods;
			sourceTree = "<group>";
		};
		E562F5EB290BAFF70035D47F /* SecondScrn */ = {
			isa = PBXGroup;
			children = (
				E562F5EC290BB01D0035D47F /* SecondScrnVC.swift */,
			);
			path = SecondScrn;
			sourceTree = "<group>";
		};
		E5EF1999290AF15700CBD3C7 = {
			isa = PBXGroup;
			children = (
				E5EF19A4290AF15700CBD3C7 /* Rick And Morty */,
				E5EF19BB290AF15800CBD3C7 /* Rick And MortyTests */,
				E5EF19C5290AF15800CBD3C7 /* Rick And MortyUITests */,
				E5EF19A3290AF15700CBD3C7 /* Products */,
				13DFDD8B7A7457F3E37699C9 /* Pods */,
				EBC089EF7ECFAAA730E9F060 /* Frameworks */,
			);
			sourceTree = "<group>";
		};
		E5EF19A3290AF15700CBD3C7 /* Products */ = {
			isa = PBXGroup;
			children = (
				E5EF19A2290AF15700CBD3C7 /* Rick And Morty.app */,
				E5EF19B8290AF15800CBD3C7 /* Rick And MortyTests.xctest */,
				E5EF19C2290AF15800CBD3C7 /* Rick And MortyUITests.xctest */,
			);
			name = Products;
			sourceTree = "<group>";
		};
		E5EF19A4290AF15700CBD3C7 /* Rick And Morty */ = {
			isa = PBXGroup;
			children = (
				E562F5EB290BAFF70035D47F /* SecondScrn */,
				E5EF19DB290AFEF500CBD3C7 /* FirstScrn */,
				E5EF19A5290AF15700CBD3C7 /* AppDelegate.swift */,
				E5EF19A7290AF15700CBD3C7 /* SceneDelegate.swift */,
				E5EF19AB290AF15700CBD3C7 /* Main.storyboard */,
				E5EF19AE290AF15800CBD3C7 /* Assets.xcassets */,
				E5EF19B0290AF15800CBD3C7 /* LaunchScreen.storyboard */,
				E5EF19B3290AF15800CBD3C7 /* Info.plist */,
				E51BC5C2290D149A0024B871 /* Extension.swift */,
			);
			path = "Rick And Morty";
			sourceTree = "<group>";
		};
		E5EF19BB290AF15800CBD3C7 /* Rick And MortyTests */ = {
			isa = PBXGroup;
			children = (
				E5EF19BC290AF15800CBD3C7 /* Rick_And_MortyTests.swift */,
			);
			path = "Rick And MortyTests";
			sourceTree = "<group>";
		};
		E5EF19C5290AF15800CBD3C7 /* Rick And MortyUITests */ = {
			isa = PBXGroup;
			children = (
				E5EF19C6290AF15800CBD3C7 /* Rick_And_MortyUITests.swift */,
				E5EF19C8290AF15800CBD3C7 /* Rick_And_MortyUITestsLaunchTests.swift */,
			);
			path = "Rick And MortyUITests";
			sourceTree = "<group>";
		};
		E5EF19DB290AFEF500CBD3C7 /* FirstScrn */ = {
			isa = PBXGroup;
			children = (
				E5EF19D5290AFDDD00CBD3C7 /* CellOfFirstScrn.swift */,
				E5EF19A9290AF15700CBD3C7 /* FirstScrn.swift */,
				E5EF19D7290AFECA00CBD3C7 /* ViewModel.swift */,
				E5EF19D9290AFED900CBD3C7 /* Model.swift */,
			);
			path = FirstScrn;
			sourceTree = "<group>";
		};
		EBC089EF7ECFAAA730E9F060 /* Frameworks */ = {
			isa = PBXGroup;
			children = (
				6B3009B88C782003AC3B9423 /* Pods_Rick_And_Morty.framework */,
				4E45355160E06C6DA4F9C35D /* Pods_Rick_And_Morty_Rick_And_MortyUITests.framework */,
				E620EA6810B1D759752471F2 /* Pods_Rick_And_MortyTests.framework */,
			);
			name = Frameworks;
			sourceTree = "<group>";
		};
/* End PBXGroup section */

/* Begin PBXNativeTarget section */
		E5EF19A1290AF15700CBD3C7 /* Rick And Morty */ = {
			isa = PBXNativeTarget;
			buildConfigurationList = E5EF19CC290AF15800CBD3C7 /* Build configuration list for PBXNativeTarget "Rick And Morty" */;
			buildPhases = (
				84C6F0E8891B368B14687F1E /* [CP] Check Pods Manifest.lock */,
				E5EF199E290AF15700CBD3C7 /* Sources */,
				E5EF199F290AF15700CBD3C7 /* Frameworks */,
				E5EF19A0290AF15700CBD3C7 /* Resources */,
				B1D696D6A8F79E1B58404279 /* [CP] Embed Pods Frameworks */,
			);
			buildRules = (
			);
			dependencies = (
			);
			name = "Rick And Morty";
			productName = "Rick And Morty";
			productReference = E5EF19A2290AF15700CBD3C7 /* Rick And Morty.app */;
			productType = "com.apple.product-type.application";
		};
		E5EF19B7290AF15800CBD3C7 /* Rick And MortyTests */ = {
			isa = PBXNativeTarget;
			buildConfigurationList = E5EF19CF290AF15800CBD3C7 /* Build configuration list for PBXNativeTarget "Rick And MortyTests" */;
			buildPhases = (
				DEB68DCCBAFD3940C8D15A80 /* [CP] Check Pods Manifest.lock */,
				E5EF19B4290AF15800CBD3C7 /* Sources */,
				E5EF19B5290AF15800CBD3C7 /* Frameworks */,
				E5EF19B6290AF15800CBD3C7 /* Resources */,
			);
			buildRules = (
			);
			dependencies = (
				E5EF19BA290AF15800CBD3C7 /* PBXTargetDependency */,
			);
			name = "Rick And MortyTests";
			productName = "Rick And MortyTests";
			productReference = E5EF19B8290AF15800CBD3C7 /* Rick And MortyTests.xctest */;
			productType = "com.apple.product-type.bundle.unit-test";
		};
		E5EF19C1290AF15800CBD3C7 /* Rick And MortyUITests */ = {
			isa = PBXNativeTarget;
			buildConfigurationList = E5EF19D2290AF15800CBD3C7 /* Build configuration list for PBXNativeTarget "Rick And MortyUITests" */;
			buildPhases = (
				7444DA3E333ABC0CB4313B3B /* [CP] Check Pods Manifest.lock */,
				E5EF19BE290AF15800CBD3C7 /* Sources */,
				E5EF19BF290AF15800CBD3C7 /* Frameworks */,
				E5EF19C0290AF15800CBD3C7 /* Resources */,
				E3A699249006DECF01E66E54 /* [CP] Embed Pods Frameworks */,
			);
			buildRules = (
			);
			dependencies = (
				E5EF19C4290AF15800CBD3C7 /* PBXTargetDependency */,
			);
			name = "Rick And MortyUITests";
			productName = "Rick And MortyUITests";
			productReference = E5EF19C2290AF15800CBD3C7 /* Rick And MortyUITests.xctest */;
			productType = "com.apple.product-type.bundle.ui-testing";
		};
/* End PBXNativeTarget section */

/* Begin PBXProject section */
		E5EF199A290AF15700CBD3C7 /* Project object */ = {
			isa = PBXProject;
			attributes = {
				BuildIndependentTargetsInParallel = 1;
				LastSwiftUpdateCheck = 1400;
				LastUpgradeCheck = 1400;
				TargetAttributes = {
					E5EF19A1290AF15700CBD3C7 = {
						CreatedOnToolsVersion = 14.0;
					};
					E5EF19B7290AF15800CBD3C7 = {
						CreatedOnToolsVersion = 14.0;
						TestTargetID = E5EF19A1290AF15700CBD3C7;
					};
					E5EF19C1290AF15800CBD3C7 = {
						CreatedOnToolsVersion = 14.0;
						TestTargetID = E5EF19A1290AF15700CBD3C7;
					};
				};
			};
			buildConfigurationList = E5EF199D290AF15700CBD3C7 /* Build configuration list for PBXProject "Rick And Morty" */;
			compatibilityVersion = "Xcode 14.0";
			developmentRegion = en;
			hasScannedForEncodings = 0;
			knownRegions = (
				en,
				Base,
			);
			mainGroup = E5EF1999290AF15700CBD3C7;
			productRefGroup = E5EF19A3290AF15700CBD3C7 /* Products */;
			projectDirPath = "";
			projectRoot = "";
			targets = (
				E5EF19A1290AF15700CBD3C7 /* Rick And Morty */,
				E5EF19B7290AF15800CBD3C7 /* Rick And MortyTests */,
				E5EF19C1290AF15800CBD3C7 /* Rick And MortyUITests */,
			);
		};
/* End PBXProject section */

/* Begin PBXResourcesBuildPhase section */
		E5EF19A0290AF15700CBD3C7 /* Resources */ = {
			isa = PBXResourcesBuildPhase;
			buildActionMask = 2147483647;
			files = (
				E5EF19B2290AF15800CBD3C7 /* LaunchScreen.storyboard in Resources */,
				E5EF19AF290AF15800CBD3C7 /* Assets.xcassets in Resources */,
				E5EF19AD290AF15700CBD3C7 /* Main.storyboard in Resources */,
			);
			runOnlyForDeploymentPostprocessing = 0;
		};
		E5EF19B6290AF15800CBD3C7 /* Resources */ = {
			isa = PBXResourcesBuildPhase;
			buildActionMask = 2147483647;
			files = (
			);
			runOnlyForDeploymentPostprocessing = 0;
		};
		E5EF19C0290AF15800CBD3C7 /* Resources */ = {
			isa = PBXResourcesBuildPhase;
			buildActionMask = 2147483647;
			files = (
			);
			runOnlyForDeploymentPostprocessing = 0;
		};
/* End PBXResourcesBuildPhase section */

/* Begin PBXShellScriptBuildPhase section */
		7444DA3E333ABC0CB4313B3B /* [CP] Check Pods Manifest.lock */ = {
			isa = PBXShellScriptBuildPhase;
			buildActionMask = 2147483647;
			files = (
			);
			inputFileListPaths = (
			);
			inputPaths = (
				"${PODS_PODFILE_DIR_PATH}/Podfile.lock",
				"${PODS_ROOT}/Manifest.lock",
			);
			name = "[CP] Check Pods Manifest.lock";
			outputFileListPaths = (
			);
			outputPaths = (
				"$(DERIVED_FILE_DIR)/Pods-Rick And Morty-Rick And MortyUITests-checkManifestLockResult.txt",
			);
			runOnlyForDeploymentPostprocessing = 0;
			shellPath = /bin/sh;
			shellScript = "diff \"${PODS_PODFILE_DIR_PATH}/Podfile.lock\" \"${PODS_ROOT}/Manifest.lock\" > /dev/null\nif [ $? != 0 ] ; then\n    # print error to STDERR\n    echo \"error: The sandbox is not in sync with the Podfile.lock. Run 'pod install' or update your CocoaPods installation.\" >&2\n    exit 1\nfi\n# This output is used by Xcode 'outputs' to avoid re-running this script phase.\necho \"SUCCESS\" > \"${SCRIPT_OUTPUT_FILE_0}\"\n";
			showEnvVarsInLog = 0;
		};
		84C6F0E8891B368B14687F1E /* [CP] Check Pods Manifest.lock */ = {
			isa = PBXShellScriptBuildPhase;
			buildActionMask = 2147483647;
			files = (
			);
			inputFileListPaths = (
			);
			inputPaths = (
				"${PODS_PODFILE_DIR_PATH}/Podfile.lock",
				"${PODS_ROOT}/Manifest.lock",
			);
			name = "[CP] Check Pods Manifest.lock";
			outputFileListPaths = (
			);
			outputPaths = (
				"$(DERIVED_FILE_DIR)/Pods-Rick And Morty-checkManifestLockResult.txt",
			);
			runOnlyForDeploymentPostprocessing = 0;
			shellPath = /bin/sh;
			shellScript = "diff \"${PODS_PODFILE_DIR_PATH}/Podfile.lock\" \"${PODS_ROOT}/Manifest.lock\" > /dev/null\nif [ $? != 0 ] ; then\n    # print error to STDERR\n    echo \"error: The sandbox is not in sync with the Podfile.lock. Run 'pod install' or update your CocoaPods installation.\" >&2\n    exit 1\nfi\n# This output is used by Xcode 'outputs' to avoid re-running this script phase.\necho \"SUCCESS\" > \"${SCRIPT_OUTPUT_FILE_0}\"\n";
			showEnvVarsInLog = 0;
		};
		B1D696D6A8F79E1B58404279 /* [CP] Embed Pods Frameworks */ = {
			isa = PBXShellScriptBuildPhase;
			buildActionMask = 2147483647;
			files = (
			);
			inputFileListPaths = (
				"${PODS_ROOT}/Target Support Files/Pods-Rick And Morty/Pods-Rick And Morty-frameworks-${CONFIGURATION}-input-files.xcfilelist",
			);
			name = "[CP] Embed Pods Frameworks";
			outputFileListPaths = (
				"${PODS_ROOT}/Target Support Files/Pods-Rick And Morty/Pods-Rick And Morty-frameworks-${CONFIGURATION}-output-files.xcfilelist",
			);
			runOnlyForDeploymentPostprocessing = 0;
			shellPath = /bin/sh;
			shellScript = "\"${PODS_ROOT}/Target Support Files/Pods-Rick And Morty/Pods-Rick And Morty-frameworks.sh\"\n";
			showEnvVarsInLog = 0;
		};
		DEB68DCCBAFD3940C8D15A80 /* [CP] Check Pods Manifest.lock */ = {
			isa = PBXShellScriptBuildPhase;
			buildActionMask = 2147483647;
			files = (
			);
			inputFileListPaths = (
			);
			inputPaths = (
				"${PODS_PODFILE_DIR_PATH}/Podfile.lock",
				"${PODS_ROOT}/Manifest.lock",
			);
			name = "[CP] Check Pods Manifest.lock";
			outputFileListPaths = (
			);
			outputPaths = (
				"$(DERIVED_FILE_DIR)/Pods-Rick And MortyTests-checkManifestLockResult.txt",
			);
			runOnlyForDeploymentPostprocessing = 0;
			shellPath = /bin/sh;
			shellScript = "diff \"${PODS_PODFILE_DIR_PATH}/Podfile.lock\" \"${PODS_ROOT}/Manifest.lock\" > /dev/null\nif [ $? != 0 ] ; then\n    # print error to STDERR\n    echo \"error: The sandbox is not in sync with the Podfile.lock. Run 'pod install' or update your CocoaPods installation.\" >&2\n    exit 1\nfi\n# This output is used by Xcode 'outputs' to avoid re-running this script phase.\necho \"SUCCESS\" > \"${SCRIPT_OUTPUT_FILE_0}\"\n";
			showEnvVarsInLog = 0;
		};
		E3A699249006DECF01E66E54 /* [CP] Embed Pods Frameworks */ = {
			isa = PBXShellScriptBuildPhase;
			buildActionMask = 2147483647;
			files = (
			);
			inputFileListPaths = (
				"${PODS_ROOT}/Target Support Files/Pods-Rick And Morty-Rick And MortyUITests/Pods-Rick And Morty-Rick And MortyUITests-frameworks-${CONFIGURATION}-input-files.xcfilelist",
			);
			name = "[CP] Embed Pods Frameworks";
			outputFileListPaths = (
				"${PODS_ROOT}/Target Support Files/Pods-Rick And Morty-Rick And MortyUITests/Pods-Rick And Morty-Rick And MortyUITests-frameworks-${CONFIGURATION}-output-files.xcfilelist",
			);
			runOnlyForDeploymentPostprocessing = 0;
			shellPath = /bin/sh;
			shellScript = "\"${PODS_ROOT}/Target Support Files/Pods-Rick And Morty-Rick And MortyUITests/Pods-Rick And Morty-Rick And MortyUITests-frameworks.sh\"\n";
			showEnvVarsInLog = 0;
		};
/* End PBXShellScriptBuildPhase section */

/* Begin PBXSourcesBuildPhase section */
		E5EF199E290AF15700CBD3C7 /* Sources */ = {
			isa = PBXSourcesBuildPhase;
			buildActionMask = 2147483647;
			files = (
				E5EF19D8290AFECA00CBD3C7 /* ViewModel.swift in Sources */,
				E5EF19AA290AF15700CBD3C7 /* FirstScrn.swift in Sources */,
				E5EF19A6290AF15700CBD3C7 /* AppDelegate.swift in Sources */,
				E562F5ED290BB01D0035D47F /* SecondScrnVC.swift in Sources */,
				E5EF19DA290AFED900CBD3C7 /* Model.swift in Sources */,
				E5EF19A8290AF15700CBD3C7 /* SceneDelegate.swift in Sources */,
				E5EF19D6290AFDDD00CBD3C7 /* CellOfFirstScrn.swift in Sources */,
				E51BC5C3290D149A0024B871 /* Extension.swift in Sources */,
			);
			runOnlyForDeploymentPostprocessing = 0;
		};
		E5EF19B4290AF15800CBD3C7 /* Sources */ = {
			isa = PBXSourcesBuildPhase;
			buildActionMask = 2147483647;
			files = (
				E5EF19BD290AF15800CBD3C7 /* Rick_And_MortyTests.swift in Sources */,
			);
			runOnlyForDeploymentPostprocessing = 0;
		};
		E5EF19BE290AF15800CBD3C7 /* Sources */ = {
			isa = PBXSourcesBuildPhase;
			buildActionMask = 2147483647;
			files = (
				E5EF19C7290AF15800CBD3C7 /* Rick_And_MortyUITests.swift in Sources */,
				E5EF19C9290AF15800CBD3C7 /* Rick_And_MortyUITestsLaunchTests.swift in Sources */,
			);
			runOnlyForDeploymentPostprocessing = 0;
		};
/* End PBXSourcesBuildPhase section */

/* Begin PBXTargetDependency section */
		E5EF19BA290AF15800CBD3C7 /* PBXTargetDependency */ = {
			isa = PBXTargetDependency;
			target = E5EF19A1290AF15700CBD3C7 /* Rick And Morty */;
			targetProxy = E5EF19B9290AF15800CBD3C7 /* PBXContainerItemProxy */;
		};
		E5EF19C4290AF15800CBD3C7 /* PBXTargetDependency */ = {
			isa = PBXTargetDependency;
			target = E5EF19A1290AF15700CBD3C7 /* Rick And Morty */;
			targetProxy = E5EF19C3290AF15800CBD3C7 /* PBXContainerItemProxy */;
		};
/* End PBXTargetDependency section */

/* Begin PBXVariantGroup section */
		E5EF19AB290AF15700CBD3C7 /* Main.storyboard */ = {
			isa = PBXVariantGroup;
			children = (
				E5EF19AC290AF15700CBD3C7 /* Base */,
			);
			name = Main.storyboard;
			sourceTree = "<group>";
		};
		E5EF19B0290AF15800CBD3C7 /* LaunchScreen.storyboard */ = {
			isa = PBXVariantGroup;
			children = (
				E5EF19B1290AF15800CBD3C7 /* Base */,
			);
			name = LaunchScreen.storyboard;
			sourceTree = "<group>";
		};
/* End PBXVariantGroup section */

/* Begin XCBuildConfiguration section */
		E5EF19CA290AF15800CBD3C7 /* Debug */ = {
			isa = XCBuildConfiguration;
			buildSettings = {
				ALWAYS_SEARCH_USER_PATHS = NO;
				CLANG_ANALYZER_NONNULL = YES;
				CLANG_ANALYZER_NUMBER_OBJECT_CONVERSION = YES_AGGRESSIVE;
				CLANG_CXX_LANGUAGE_STANDARD = "gnu++20";
				CLANG_ENABLE_MODULES = YES;
				CLANG_ENABLE_OBJC_ARC = YES;
				CLANG_ENABLE_OBJC_WEAK = YES;
				CLANG_WARN_BLOCK_CAPTURE_AUTORELEASING = YES;
				CLANG_WARN_BOOL_CONVERSION = YES;
				CLANG_WARN_COMMA = YES;
				CLANG_WARN_CONSTANT_CONVERSION = YES;
				CLANG_WARN_DEPRECATED_OBJC_IMPLEMENTATIONS = YES;
				CLANG_WARN_DIRECT_OBJC_ISA_USAGE = YES_ERROR;
				CLANG_WARN_DOCUMENTATION_COMMENTS = YES;
				CLANG_WARN_EMPTY_BODY = YES;
				CLANG_WARN_ENUM_CONVERSION = YES;
				CLANG_WARN_INFINITE_RECURSION = YES;
				CLANG_WARN_INT_CONVERSION = YES;
				CLANG_WARN_NON_LITERAL_NULL_CONVERSION = YES;
				CLANG_WARN_OBJC_IMPLICIT_RETAIN_SELF = YES;
				CLANG_WARN_OBJC_LITERAL_CONVERSION = YES;
				CLANG_WARN_OBJC_ROOT_CLASS = YES_ERROR;
				CLANG_WARN_QUOTED_INCLUDE_IN_FRAMEWORK_HEADER = YES;
				CLANG_WARN_RANGE_LOOP_ANALYSIS = YES;
				CLANG_WARN_STRICT_PROTOTYPES = YES;
				CLANG_WARN_SUSPICIOUS_MOVE = YES;
				CLANG_WARN_UNGUARDED_AVAILABILITY = YES_AGGRESSIVE;
				CLANG_WARN_UNREACHABLE_CODE = YES;
				CLANG_WARN__DUPLICATE_METHOD_MATCH = YES;
				COPY_PHASE_STRIP = NO;
				DEBUG_INFORMATION_FORMAT = dwarf;
				ENABLE_STRICT_OBJC_MSGSEND = YES;
				ENABLE_TESTABILITY = YES;
				GCC_C_LANGUAGE_STANDARD = gnu11;
				GCC_DYNAMIC_NO_PIC = NO;
				GCC_NO_COMMON_BLOCKS = YES;
				GCC_OPTIMIZATION_LEVEL = 0;
				GCC_PREPROCESSOR_DEFINITIONS = (
					"DEBUG=1",
					"$(inherited)",
				);
				GCC_WARN_64_TO_32_BIT_CONVERSION = YES;
				GCC_WARN_ABOUT_RETURN_TYPE = YES_ERROR;
				GCC_WARN_UNDECLARED_SELECTOR = YES;
				GCC_WARN_UNINITIALIZED_AUTOS = YES_AGGRESSIVE;
				GCC_WARN_UNUSED_FUNCTION = YES;
				GCC_WARN_UNUSED_VARIABLE = YES;
				IPHONEOS_DEPLOYMENT_TARGET = 16.0;
				MTL_ENABLE_DEBUG_INFO = INCLUDE_SOURCE;
				MTL_FAST_MATH = YES;
				ONLY_ACTIVE_ARCH = YES;
				SDKROOT = iphoneos;
				SWIFT_ACTIVE_COMPILATION_CONDITIONS = DEBUG;
				SWIFT_OPTIMIZATION_LEVEL = "-Onone";
			};
			name = Debug;
		};
		E5EF19CB290AF15800CBD3C7 /* Release */ = {
			isa = XCBuildConfiguration;
			buildSettings = {
				ALWAYS_SEARCH_USER_PATHS = NO;
				CLANG_ANALYZER_NONNULL = YES;
				CLANG_ANALYZER_NUMBER_OBJECT_CONVERSION = YES_AGGRESSIVE;
				CLANG_CXX_LANGUAGE_STANDARD = "gnu++20";
				CLANG_ENABLE_MODULES = YES;
				CLANG_ENABLE_OBJC_ARC = YES;
				CLANG_ENABLE_OBJC_WEAK = YES;
				CLANG_WARN_BLOCK_CAPTURE_AUTORELEASING = YES;
				CLANG_WARN_BOOL_CONVERSION = YES;
				CLANG_WARN_COMMA = YES;
				CLANG_WARN_CONSTANT_CONVERSION = YES;
				CLANG_WARN_DEPRECATED_OBJC_IMPLEMENTATIONS = YES;
				CLANG_WARN_DIRECT_OBJC_ISA_USAGE = YES_ERROR;
				CLANG_WARN_DOCUMENTATION_COMMENTS = YES;
				CLANG_WARN_EMPTY_BODY = YES;
				CLANG_WARN_ENUM_CONVERSION = YES;
				CLANG_WARN_INFINITE_RECURSION = YES;
				CLANG_WARN_INT_CONVERSION = YES;
				CLANG_WARN_NON_LITERAL_NULL_CONVERSION = YES;
				CLANG_WARN_OBJC_IMPLICIT_RETAIN_SELF = YES;
				CLANG_WARN_OBJC_LITERAL_CONVERSION = YES;
				CLANG_WARN_OBJC_ROOT_CLASS = YES_ERROR;
				CLANG_WARN_QUOTED_INCLUDE_IN_FRAMEWORK_HEADER = YES;
				CLANG_WARN_RANGE_LOOP_ANALYSIS = YES;
				CLANG_WARN_STRICT_PROTOTYPES = YES;
				CLANG_WARN_SUSPICIOUS_MOVE = YES;
				CLANG_WARN_UNGUARDED_AVAILABILITY = YES_AGGRESSIVE;
				CLANG_WARN_UNREACHABLE_CODE = YES;
				CLANG_WARN__DUPLICATE_METHOD_MATCH = YES;
				COPY_PHASE_STRIP = NO;
				DEBUG_INFORMATION_FORMAT = "dwarf-with-dsym";
				ENABLE_NS_ASSERTIONS = NO;
				ENABLE_STRICT_OBJC_MSGSEND = YES;
				GCC_C_LANGUAGE_STANDARD = gnu11;
				GCC_NO_COMMON_BLOCKS = YES;
				GCC_WARN_64_TO_32_BIT_CONVERSION = YES;
				GCC_WARN_ABOUT_RETURN_TYPE = YES_ERROR;
				GCC_WARN_UNDECLARED_SELECTOR = YES;
				GCC_WARN_UNINITIALIZED_AUTOS = YES_AGGRESSIVE;
				GCC_WARN_UNUSED_FUNCTION = YES;
				GCC_WARN_UNUSED_VARIABLE = YES;
				IPHONEOS_DEPLOYMENT_TARGET = 16.0;
				MTL_ENABLE_DEBUG_INFO = NO;
				MTL_FAST_MATH = YES;
				SDKROOT = iphoneos;
				SWIFT_COMPILATION_MODE = wholemodule;
				SWIFT_OPTIMIZATION_LEVEL = "-O";
				VALIDATE_PRODUCT = YES;
			};
			name = Release;
		};
		E5EF19CD290AF15800CBD3C7 /* Debug */ = {
			isa = XCBuildConfiguration;
			baseConfigurationReference = 3A7D443AC594AAE889BAD713 /* Pods-Rick And Morty.debug.xcconfig */;
			buildSettings = {
				ASSETCATALOG_COMPILER_APPICON_NAME = AppIcon;
				ASSETCATALOG_COMPILER_GLOBAL_ACCENT_COLOR_NAME = AccentColor;
				CODE_SIGN_STYLE = Automatic;
				CURRENT_PROJECT_VERSION = 1;
				DEVELOPMENT_TEAM = 76KL23V8U2;
				GENERATE_INFOPLIST_FILE = YES;
				INFOPLIST_FILE = "Rick And Morty/Info.plist";
				INFOPLIST_KEY_UIApplicationSupportsIndirectInputEvents = YES;
				INFOPLIST_KEY_UILaunchStoryboardName = LaunchScreen;
				INFOPLIST_KEY_UIMainStoryboardFile = Main;
				INFOPLIST_KEY_UISupportedInterfaceOrientations_iPad = "UIInterfaceOrientationPortrait UIInterfaceOrientationPortraitUpsideDown UIInterfaceOrientationLandscapeLeft UIInterfaceOrientationLandscapeRight";
				INFOPLIST_KEY_UISupportedInterfaceOrientations_iPhone = "UIInterfaceOrientationPortrait UIInterfaceOrientationLandscapeLeft UIInterfaceOrientationLandscapeRight";
				LD_RUNPATH_SEARCH_PATHS = (
					"$(inherited)",
					"@executable_path/Frameworks",
				);
				MARKETING_VERSION = 1.0;
				PRODUCT_BUNDLE_IDENTIFIER = "com.huseynh.SwiftUILearning.Rick-And-Morty";
				PRODUCT_NAME = "$(TARGET_NAME)";
				SWIFT_EMIT_LOC_STRINGS = YES;
				SWIFT_VERSION = 5.0;
				TARGETED_DEVICE_FAMILY = "1,2";
			};
			name = Debug;
		};
		E5EF19CE290AF15800CBD3C7 /* Release */ = {
			isa = XCBuildConfiguration;
			baseConfigurationReference = D2F31D0346D74F9C282786E4 /* Pods-Rick And Morty.release.xcconfig */;
			buildSettings = {
				ASSETCATALOG_COMPILER_APPICON_NAME = AppIcon;
				ASSETCATALOG_COMPILER_GLOBAL_ACCENT_COLOR_NAME = AccentColor;
				CODE_SIGN_STYLE = Automatic;
				CURRENT_PROJECT_VERSION = 1;
				DEVELOPMENT_TEAM = 76KL23V8U2;
				GENERATE_INFOPLIST_FILE = YES;
				INFOPLIST_FILE = "Rick And Morty/Info.plist";
				INFOPLIST_KEY_UIApplicationSupportsIndirectInputEvents = YES;
				INFOPLIST_KEY_UILaunchStoryboardName = LaunchScreen;
				INFOPLIST_KEY_UIMainStoryboardFile = Main;
				INFOPLIST_KEY_UISupportedInterfaceOrientations_iPad = "UIInterfaceOrientationPortrait UIInterfaceOrientationPortraitUpsideDown UIInterfaceOrientationLandscapeLeft UIInterfaceOrientationLandscapeRight";
				INFOPLIST_KEY_UISupportedInterfaceOrientations_iPhone = "UIInterfaceOrientationPortrait UIInterfaceOrientationLandscapeLeft UIInterfaceOrientationLandscapeRight";
				LD_RUNPATH_SEARCH_PATHS = (
					"$(inherited)",
					"@executable_path/Frameworks",
				);
				MARKETING_VERSION = 1.0;
				PRODUCT_BUNDLE_IDENTIFIER = "com.huseynh.SwiftUILearning.Rick-And-Morty";
				PRODUCT_NAME = "$(TARGET_NAME)";
				SWIFT_EMIT_LOC_STRINGS = YES;
				SWIFT_VERSION = 5.0;
				TARGETED_DEVICE_FAMILY = "1,2";
			};
			name = Release;
		};
		E5EF19D0290AF15800CBD3C7 /* Debug */ = {
			isa = XCBuildConfiguration;
			baseConfigurationReference = D67BF0842E71EE441963C057 /* Pods-Rick And MortyTests.debug.xcconfig */;
			buildSettings = {
				ALWAYS_EMBED_SWIFT_STANDARD_LIBRARIES = YES;
				BUNDLE_LOADER = "$(TEST_HOST)";
				CODE_SIGN_STYLE = Automatic;
				CURRENT_PROJECT_VERSION = 1;
				GENERATE_INFOPLIST_FILE = YES;
				IPHONEOS_DEPLOYMENT_TARGET = 16.0;
				MARKETING_VERSION = 1.0;
				PRODUCT_BUNDLE_IDENTIFIER = "com.huseynh.SwiftUILearning.Rick-And-MortyTests";
				PRODUCT_NAME = "$(TARGET_NAME)";
				SWIFT_EMIT_LOC_STRINGS = NO;
				SWIFT_VERSION = 5.0;
				TARGETED_DEVICE_FAMILY = "1,2";
				TEST_HOST = "$(BUILT_PRODUCTS_DIR)/Rick And Morty.app/$(BUNDLE_EXECUTABLE_FOLDER_PATH)/Rick And Morty";
			};
			name = Debug;
		};
		E5EF19D1290AF15800CBD3C7 /* Release */ = {
			isa = XCBuildConfiguration;
			baseConfigurationReference = 051AC2E265845FE11588BCCE /* Pods-Rick And MortyTests.release.xcconfig */;
			buildSettings = {
				ALWAYS_EMBED_SWIFT_STANDARD_LIBRARIES = YES;
				BUNDLE_LOADER = "$(TEST_HOST)";
				CODE_SIGN_STYLE = Automatic;
				CURRENT_PROJECT_VERSION = 1;
				GENERATE_INFOPLIST_FILE = YES;
				IPHONEOS_DEPLOYMENT_TARGET = 16.0;
				MARKETING_VERSION = 1.0;
				PRODUCT_BUNDLE_IDENTIFIER = "com.huseynh.SwiftUILearning.Rick-And-MortyTests";
				PRODUCT_NAME = "$(TARGET_NAME)";
				SWIFT_EMIT_LOC_STRINGS = NO;
				SWIFT_VERSION = 5.0;
				TARGETED_DEVICE_FAMILY = "1,2";
				TEST_HOST = "$(BUILT_PRODUCTS_DIR)/Rick And Morty.app/$(BUNDLE_EXECUTABLE_FOLDER_PATH)/Rick And Morty";
			};
			name = Release;
		};
		E5EF19D3290AF15800CBD3C7 /* Debug */ = {
			isa = XCBuildConfiguration;
			baseConfigurationReference = 9F84B14263C223A77CCD10A6 /* Pods-Rick And Morty-Rick And MortyUITests.debug.xcconfig */;
			buildSettings = {
				ALWAYS_EMBED_SWIFT_STANDARD_LIBRARIES = YES;
				CODE_SIGN_STYLE = Automatic;
				CURRENT_PROJECT_VERSION = 1;
				GENERATE_INFOPLIST_FILE = YES;
				MARKETING_VERSION = 1.0;
				PRODUCT_BUNDLE_IDENTIFIER = "com.huseynh.SwiftUILearning.Rick-And-MortyUITests";
				PRODUCT_NAME = "$(TARGET_NAME)";
				SWIFT_EMIT_LOC_STRINGS = NO;
				SWIFT_VERSION = 5.0;
				TARGETED_DEVICE_FAMILY = "1,2";
				TEST_TARGET_NAME = "Rick And Morty";
			};
			name = Debug;
		};
		E5EF19D4290AF15800CBD3C7 /* Release */ = {
			isa = XCBuildConfiguration;
			baseConfigurationReference = ABAD160EABE608CF43C581FC /* Pods-Rick And Morty-Rick And MortyUITests.release.xcconfig */;
			buildSettings = {
				ALWAYS_EMBED_SWIFT_STANDARD_LIBRARIES = YES;
				CODE_SIGN_STYLE = Automatic;
				CURRENT_PROJECT_VERSION = 1;
				GENERATE_INFOPLIST_FILE = YES;
				MARKETING_VERSION = 1.0;
				PRODUCT_BUNDLE_IDENTIFIER = "com.huseynh.SwiftUILearning.Rick-And-MortyUITests";
				PRODUCT_NAME = "$(TARGET_NAME)";
				SWIFT_EMIT_LOC_STRINGS = NO;
				SWIFT_VERSION = 5.0;
				TARGETED_DEVICE_FAMILY = "1,2";
				TEST_TARGET_NAME = "Rick And Morty";
			};
			name = Release;
		};
/* End XCBuildConfiguration section */

/* Begin XCConfigurationList section */
		E5EF199D290AF15700CBD3C7 /* Build configuration list for PBXProject "Rick And Morty" */ = {
			isa = XCConfigurationList;
			buildConfigurations = (
				E5EF19CA290AF15800CBD3C7 /* Debug */,
				E5EF19CB290AF15800CBD3C7 /* Release */,
			);
			defaultConfigurationIsVisible = 0;
			defaultConfigurationName = Release;
		};
		E5EF19CC290AF15800CBD3C7 /* Build configuration list for PBXNativeTarget "Rick And Morty" */ = {
			isa = XCConfigurationList;
			buildConfigurations = (
				E5EF19CD290AF15800CBD3C7 /* Debug */,
				E5EF19CE290AF15800CBD3C7 /* Release */,
			);
			defaultConfigurationIsVisible = 0;
			defaultConfigurationName = Release;
		};
		E5EF19CF290AF15800CBD3C7 /* Build configuration list for PBXNativeTarget "Rick And MortyTests" */ = {
			isa = XCConfigurationList;
			buildConfigurations = (
				E5EF19D0290AF15800CBD3C7 /* Debug */,
				E5EF19D1290AF15800CBD3C7 /* Release */,
			);
			defaultConfigurationIsVisible = 0;
			defaultConfigurationName = Release;
		};
		E5EF19D2290AF15800CBD3C7 /* Build configuration list for PBXNativeTarget "Rick And MortyUITests" */ = {
			isa = XCConfigurationList;
			buildConfigurations = (
				E5EF19D3290AF15800CBD3C7 /* Debug */,
				E5EF19D4290AF15800CBD3C7 /* Release */,
			);
			defaultConfigurationIsVisible = 0;
			defaultConfigurationName = Release;
		};
/* End XCConfigurationList section */
	};
	rootObject = E5EF199A290AF15700CBD3C7 /* Project object */;
}
